
Microsoft Visual Studio Solution File, Format Version 12.00
# Visual Studio Version 17
VisualStudioVersion = 17.14.36616.10 d17.14
MinimumVisualStudioVersion = 10.0.40219.1
Project("{8BC9CEB8-8B4A-11D0-8D11-00A0C91BC942}") = "Tarea10s2", "Tarea10s2\Tarea10s2.vcxproj", "{122967FD-1001-A3EA-90DE-652B2A01FEB2}"
EndProject
Global
	GlobalSection(SolutionConfigurationPlatforms) = preSolution
		Debug|x64 = Debug|x64
		Debug|x86 = Debug|x86
		Release|x64 = Release|x64
		Release|x86 = Release|x86
	EndGlobalSection
	GlobalSection(ProjectConfigurationPlatforms) = postSolution
		{122967FD-1001-A3EA-90DE-652B2A01FEB2}.Debug|x64.ActiveCfg = Debug|x64
		{122967FD-1001-A3EA-90DE-652B2A01FEB2}.Debug|x64.Build.0 = Debug|x64
		{122967FD-1001-A3EA-90DE-652B2A01FEB2}.Debug|x86.ActiveCfg = Debug|Win32
		{122967FD-1001-A3EA-90DE-652B2A01FEB2}.Debug|x86.Build.0 = Debug|Win32
		{122967FD-1001-A3EA-90DE-652B2A01FEB2}.Release|x64.ActiveCfg = Release|x64
		{122967FD-1001-A3EA-90DE-652B2A01FEB2}.Release|x64.Build.0 = Release|x64
		{122967FD-1001-A3EA-90DE-652B2A01FEB2}.Release|x86.ActiveCfg = Release|Win32
		{122967FD-1001-A3EA-90DE-652B2A01FEB2}.Release|x86.Build.0 = Release|Win32
	EndGlobalSection
	GlobalSection(SolutionProperties) = preSolution
		HideSolutionNode = FALSE
	EndGlobalSection
	GlobalSection(ExtensibilityGlobals) = postSolution
		SolutionGuid = {CB244EE2-E5AC-443E-BB1F-1181DBF36AF0}
	EndGlobalSection
EndGlobal
